# THIS IS AN AUTOGENERATED FILE. DO NOT EDIT THIS FILE DIRECTLY.
# yarn lockfile v1


express-promise-router@^4.0.1:
  version "4.0.1"
  resolved "https://registry.yarnpkg.com/express-promise-router/-/express-promise-router-4.0.1.tgz#7ed65473a12208ec1065c1358c398175b89d425c"
  integrity sha512-kqan6QuMV7FdfN9b2uYpaKEJnxzfj57voI4IsMjgug5mBc6/hjuvoUT76Z/pvRqID2isl/NygTUe8S2MH2trMg==
  dependencies:
    is-promise "^4.0.0"
    lodash.flattendeep "^4.0.0"
    methods "^1.0.0"

is-promise@^4.0.0:
  version "4.0.0"
  resolved "https://registry.yarnpkg.com/is-promise/-/is-promise-4.0.0.tgz#42ff9f84206c1991d26debf520dd5c01042dd2f3"
  integrity sha512-hvpoI6korhJMnej285dSg6nu1+e6uxs7zG3BYAm5byqDsgJNWwxzM6z6iZiAgQR4TJ30JmBTOwqZUw3WlyH3AQ==

lodash.flattendeep@^4.0.0:
  version "4.4.0"
  resolved "https://registry.yarnpkg.com/lodash.flattendeep/-/lodash.flattendeep-4.4.0.tgz#fb030917f86a3134e5bc9bec0d69e0013ddfedb2"
  integrity sha1-+wMJF/hqMTTlvJvsDWngAT3f7bI=

methods@^1.0.0:
  version "1.1.2"
  resolved "https://registry.yarnpkg.com/methods/-/methods-1.1.2.tgz#5529a4d67654134edcc5266656835b0f851afcee"
  integrity sha1-VSmk1nZUE07cxSZmVoNbD4Ua/O4=
